
Microsoft Visual Studio Solution File, Format Version 12.00
# Visual Studio Version 17
VisualStudioVersion = 17.4.33122.133
MinimumVisualStudioVersion = 10.0.40219.1
Project("{FAE04EC0-301F-11D3-BF4B-00C04F79EFBC}") = "VehicleTraffic", "VehicleTraffic\VehicleTraffic.csproj", "{CE788CEE-38A3-4D51-BCAA-1439616DB09B}"
EndProject
Project("{FAE04EC0-301F-11D3-BF4B-00C04F79EFBC}") = "Database", "Database\Database.csproj", "{9AE2F7C8-8884-408D-B493-FEFE76553CB7}"
EndProject
Global
	GlobalSection(SolutionConfigurationPlatforms) = preSolution
		Debug|Any CPU = Debug|Any CPU
		Release|Any CPU = Release|Any CPU
	EndGlobalSection
	GlobalSection(ProjectConfigurationPlatforms) = postSolution
		{CE788CEE-38A3-4D51-BCAA-1439616DB09B}.Debug|Any CPU.ActiveCfg = Debug|Any CPU
		{CE788CEE-38A3-4D51-BCAA-1439616DB09B}.Debug|Any CPU.Build.0 = Debug|Any CPU
		{CE788CEE-38A3-4D51-BCAA-1439616DB09B}.Release|Any CPU.ActiveCfg = Release|Any CPU
		{CE788CEE-38A3-4D51-BCAA-1439616DB09B}.Release|Any CPU.Build.0 = Release|Any CPU
		{9AE2F7C8-8884-408D-B493-FEFE76553CB7}.Debug|Any CPU.ActiveCfg = Debug|Any CPU
		{9AE2F7C8-8884-408D-B493-FEFE76553CB7}.Debug|Any CPU.Build.0 = Debug|Any CPU
		{9AE2F7C8-8884-408D-B493-FEFE76553CB7}.Release|Any CPU.ActiveCfg = Release|Any CPU
		{9AE2F7C8-8884-408D-B493-FEFE76553CB7}.Release|Any CPU.Build.0 = Release|Any CPU
	EndGlobalSection
	GlobalSection(SolutionProperties) = preSolution
		HideSolutionNode = FALSE
	EndGlobalSection
	GlobalSection(ExtensibilityGlobals) = postSolution
		SolutionGuid = {D7486A14-78CA-4D20-939B-FC6149D2815B}
	EndGlobalSection
EndGlobal
